
Microsoft Visual Studio Solution File, Format Version 12.00
# Visual Studio Version 17
VisualStudioVersion = 17.0.32112.339
MinimumVisualStudioVersion = 10.0.40219.1
Project("{FAE04EC0-301F-11D3-BF4B-00C04F79EFBC}") = "Core2TP.UI.MVC", "Core2TP.UI.MVC\Core2TP.UI.MVC.csproj", "{CE3449BF-CD30-4B3F-8805-C9F85D83E7D4}"
EndProject
Project("{FAE04EC0-301F-11D3-BF4B-00C04F79EFBC}") = "Core2TP.DATA.EF", "Core2TP.DATA.EF\Core2TP.DATA.EF.csproj", "{6DBAFEE0-5122-4A27-AA23-664253FE6F56}"
EndProject
Global
	GlobalSection(SolutionConfigurationPlatforms) = preSolution
		Debug|Any CPU = Debug|Any CPU
		Release|Any CPU = Release|Any CPU
	EndGlobalSection
	GlobalSection(ProjectConfigurationPlatforms) = postSolution
		{CE3449BF-CD30-4B3F-8805-C9F85D83E7D4}.Debug|Any CPU.ActiveCfg = Debug|Any CPU
		{CE3449BF-CD30-4B3F-8805-C9F85D83E7D4}.Debug|Any CPU.Build.0 = Debug|Any CPU
		{CE3449BF-CD30-4B3F-8805-C9F85D83E7D4}.Release|Any CPU.ActiveCfg = Release|Any CPU
		{CE3449BF-CD30-4B3F-8805-C9F85D83E7D4}.Release|Any CPU.Build.0 = Release|Any CPU
		{6DBAFEE0-5122-4A27-AA23-664253FE6F56}.Debug|Any CPU.ActiveCfg = Debug|Any CPU
		{6DBAFEE0-5122-4A27-AA23-664253FE6F56}.Debug|Any CPU.Build.0 = Debug|Any CPU
		{6DBAFEE0-5122-4A27-AA23-664253FE6F56}.Release|Any CPU.ActiveCfg = Release|Any CPU
		{6DBAFEE0-5122-4A27-AA23-664253FE6F56}.Release|Any CPU.Build.0 = Release|Any CPU
	EndGlobalSection
	GlobalSection(SolutionProperties) = preSolution
		HideSolutionNode = FALSE
	EndGlobalSection
	GlobalSection(ExtensibilityGlobals) = postSolution
		SolutionGuid = {7CA2038A-5541-490C-8E37-FDD8BD3977CC}
	EndGlobalSection
EndGlobal
